<Solution>
  <Folder Name="/src/" />
  <Folder Name="/src/BuildingBlocks/">
    <Project Path="src/BuildingBlocks/MoviesRental.Core/MoviesRental.Core.csproj" />
  </Folder>
  <Folder Name="/src/Services/" />
  <Folder Name="/src/Services/Consumer/" />
  <Folder Name="/src/Services/Consumer/MoviesRental.Consumer/">
    <Project Path="src/Services/Consumer/MoviesRental.Consumer/MoviesRental.Consumer.csproj" />
  </Folder>
  <Folder Name="/src/Services/Publisher/" />
  <Folder Name="/src/Services/Publisher/API/">
    <Project Path="src/Services/Publisher/API/MoviesRental.API/MoviesRental.API.csproj" />
  </Folder>
  <Folder Name="/src/Services/Publisher/Application/">
    <Project Path="src/Services/Publisher/Application/MoviesRental.Application/MoviesRental.Application.csproj" />
  </Folder>
  <Folder Name="/src/Services/Publisher/Domain/">
    <Project Path="src/Services/Publisher/Domain/MoviesRental.Domain/MoviesRental.Domain.csproj" />
  </Folder>
  <Folder Name="/src/Services/Publisher/Infrastructure/">
    <Project Path="src/Services/Publisher/Infrastructure/MoviesRental.Infrastructure/MoviesRental.Infrastructure.csproj" />
  </Folder>
  <Folder Name="/src/Shared/" />
  <Folder Name="/src/Shared/Queries/" />
  <Folder Name="/src/Shared/Queries/Application/">
    <Project Path="src/Shared/Application/MoviesRental.Queries.Application/MoviesRental.Queries.Application.csproj" />
  </Folder>
  <Folder Name="/src/Shared/Queries/Domain/">
    <Project Path="src/Shared/Domain/MoviesRental.Queries.Domain/MoviesRental.Queries.Domain.csproj" />
  </Folder>
  <Folder Name="/src/Shared/Queries/Infrastructure/">
    <Project Path="src/Shared/Infrastructure/MoviesRental.Queries.Infrastructure/MoviesRental.Queries.Infrastructure.csproj" />
  </Folder>
</Solution>
